
Microsoft Visual Studio Solution File, Format Version 12.00
# Visual Studio Express 2012 for Windows Desktop
Project("{FAE04EC0-301F-11D3-BF4B-00C04F79EFBC}") = "ATServer", "ATServer\ATServer.csproj", "{CF231BB7-F494-4318-A9F2-1B3B48504B4E}"
EndProject
Project("{FAE04EC0-301F-11D3-BF4B-00C04F79EFBC}") = "ATCommon", "ATCommon\ATCommon.csproj", "{84A474E8-42DD-44C8-BF4C-2E1CE3E13597}"
EndProject
Global
	GlobalSection(SolutionConfigurationPlatforms) = preSolution
		Debug|Any CPU = Debug|Any CPU
		Release|Any CPU = Release|Any CPU
	EndGlobalSection
	GlobalSection(ProjectConfigurationPlatforms) = postSolution
		{CF231BB7-F494-4318-A9F2-1B3B48504B4E}.Debug|Any CPU.ActiveCfg = Debug|Any CPU
		{CF231BB7-F494-4318-A9F2-1B3B48504B4E}.Debug|Any CPU.Build.0 = Debug|Any CPU
		{CF231BB7-F494-4318-A9F2-1B3B48504B4E}.Release|Any CPU.ActiveCfg = Release|Any CPU
		{CF231BB7-F494-4318-A9F2-1B3B48504B4E}.Release|Any CPU.Build.0 = Release|Any CPU
		{84A474E8-42DD-44C8-BF4C-2E1CE3E13597}.Debug|Any CPU.ActiveCfg = Debug|Any CPU
		{84A474E8-42DD-44C8-BF4C-2E1CE3E13597}.Debug|Any CPU.Build.0 = Debug|Any CPU
		{84A474E8-42DD-44C8-BF4C-2E1CE3E13597}.Release|Any CPU.ActiveCfg = Release|Any CPU
		{84A474E8-42DD-44C8-BF4C-2E1CE3E13597}.Release|Any CPU.Build.0 = Release|Any CPU
	EndGlobalSection
	GlobalSection(SolutionProperties) = preSolution
		HideSolutionNode = FALSE
	EndGlobalSection
EndGlobal
