Microsoft Visual Studio Solution File, Format Version 11.00
# Visual Studio 2008

Project("{A476C8B4-3CF4-0FC6-7F45-F1B5CA5BD6E1}") = "AdventureTown", "Assembly-CSharp-firstpass.csproj", "{F9B7C591-316A-0166-E764-EA54313C9A55}"
EndProject
Project("{A476C8B4-3CF4-0FC6-7F45-F1B5CA5BD6E1}") = "AdventureTown", "Assembly-CSharp.csproj", "{CA066F83-E337-CB5A-C158-3AD664BD817E}"
EndProject
Project("{A476C8B4-3CF4-0FC6-7F45-F1B5CA5BD6E1}") = "AdventureTown", "Assembly-CSharp-Editor-firstpass.csproj", "{9B8485EA-D4DE-6EB3-9652-C592EEA635CC}"
EndProject
Project("{A476C8B4-3CF4-0FC6-7F45-F1B5CA5BD6E1}") = "AdventureTown", "Assembly-CSharp-Editor.csproj", "{8ACA18F8-E65D-0AFD-3BE3-6B4B1AA4D015}"
EndProject
Global
	GlobalSection(SolutionConfigurationPlatforms) = preSolution
		Debug|Any CPU = Debug|Any CPU
		Release|Any CPU = Release|Any CPU
	EndGlobalSection
	GlobalSection(ProjectConfigurationPlatforms) = postSolution
		{F9B7C591-316A-0166-E764-EA54313C9A55}.Debug|Any CPU.ActiveCfg = Debug|Any CPU
		{F9B7C591-316A-0166-E764-EA54313C9A55}.Debug|Any CPU.Build.0 = Debug|Any CPU
		{F9B7C591-316A-0166-E764-EA54313C9A55}.Release|Any CPU.ActiveCfg = Release|Any CPU
		{F9B7C591-316A-0166-E764-EA54313C9A55}.Release|Any CPU.Build.0 = Release|Any CPU
		{CA066F83-E337-CB5A-C158-3AD664BD817E}.Debug|Any CPU.ActiveCfg = Debug|Any CPU
		{CA066F83-E337-CB5A-C158-3AD664BD817E}.Debug|Any CPU.Build.0 = Debug|Any CPU
		{CA066F83-E337-CB5A-C158-3AD664BD817E}.Release|Any CPU.ActiveCfg = Release|Any CPU
		{CA066F83-E337-CB5A-C158-3AD664BD817E}.Release|Any CPU.Build.0 = Release|Any CPU
		{9B8485EA-D4DE-6EB3-9652-C592EEA635CC}.Debug|Any CPU.ActiveCfg = Debug|Any CPU
		{9B8485EA-D4DE-6EB3-9652-C592EEA635CC}.Debug|Any CPU.Build.0 = Debug|Any CPU
		{9B8485EA-D4DE-6EB3-9652-C592EEA635CC}.Release|Any CPU.ActiveCfg = Release|Any CPU
		{9B8485EA-D4DE-6EB3-9652-C592EEA635CC}.Release|Any CPU.Build.0 = Release|Any CPU
		{8ACA18F8-E65D-0AFD-3BE3-6B4B1AA4D015}.Debug|Any CPU.ActiveCfg = Debug|Any CPU
		{8ACA18F8-E65D-0AFD-3BE3-6B4B1AA4D015}.Debug|Any CPU.Build.0 = Debug|Any CPU
		{8ACA18F8-E65D-0AFD-3BE3-6B4B1AA4D015}.Release|Any CPU.ActiveCfg = Release|Any CPU
		{8ACA18F8-E65D-0AFD-3BE3-6B4B1AA4D015}.Release|Any CPU.Build.0 = Release|Any CPU
	EndGlobalSection
	GlobalSection(SolutionProperties) = preSolution
		HideSolutionNode = FALSE
	EndGlobalSection
																																																																						GlobalSection(MonoDevelopProperties) = preSolution
		StartupItem = Assembly-CSharp.csproj
		Policies = $0
		$0.TextStylePolicy = $1
		$1.inheritsSet = null
		$1.scope = text/x-csharp
		$0.CSharpFormattingPolicy = $2
		$2.inheritsSet = Mono
		$2.inheritsScope = text/x-csharp
		$2.scope = text/x-csharp
		$0.TextStylePolicy = $3
		$3.FileWidth = 120
		$3.TabWidth = 4
		$3.EolMarker = Unix
		$3.inheritsSet = Mono
		$3.inheritsScope = text/plain
		$3.scope = text/plain
	EndGlobalSection

EndGlobal
